PODS:
  - TencentCaptchaFunction (1.0.0)

DEPENDENCIES:
  - TencentCaptchaFunction (from `../`)

EXTERNAL SOURCES:
  TencentCaptchaFunction:
    :path: "../"

SPEC CHECKSUMS:
  TencentCaptchaFunction: 50c071d7e522258718440efb65084b494bdaa9b9

PODFILE CHECKSUM: 80d77595978d6346a73f204d3c8078501be05322

COCOAPODS: 1.10.1
