PODS:
  - TencentCaptchaFunction (1.0.1)

DEPENDENCIES:
  - TencentCaptchaFunction (from `../`)

EXTERNAL SOURCES:
  TencentCaptchaFunction:
    :path: "../"

SPEC CHECKSUMS:
  TencentCaptchaFunction: 3063cd45139f7b452a2d806418ad93c351e6ef3a

PODFILE CHECKSUM: 80d77595978d6346a73f204d3c8078501be05322

COCOAPODS: 1.10.1
